
Microsoft Visual Studio Solution File, Format Version 12.00
# Visual Studio Version 17
VisualStudioVersion = 17.10.35013.160
MinimumVisualStudioVersion = 10.0.40219.1
Project("{FAE04EC0-301F-11D3-BF4B-00C04F79EFBC}") = "SAV", "SAV\SAV.csproj", "{013CD496-8632-4A0C-BCDE-D29817E9E11B}"
EndProject
Global
	GlobalSection(SolutionConfigurationPlatforms) = preSolution
		Debug|Any CPU = Debug|Any CPU
		Release|Any CPU = Release|Any CPU
	EndGlobalSection
	GlobalSection(ProjectConfigurationPlatforms) = postSolution
		{013CD496-8632-4A0C-BCDE-D29817E9E11B}.Debug|Any CPU.ActiveCfg = Debug|Any CPU
		{013CD496-8632-4A0C-BCDE-D29817E9E11B}.Debug|Any CPU.Build.0 = Debug|Any CPU
		{013CD496-8632-4A0C-BCDE-D29817E9E11B}.Release|Any CPU.ActiveCfg = Release|Any CPU
		{013CD496-8632-4A0C-BCDE-D29817E9E11B}.Release|Any CPU.Build.0 = Release|Any CPU
	EndGlobalSection
	GlobalSection(SolutionProperties) = preSolution
		HideSolutionNode = FALSE
	EndGlobalSection
	GlobalSection(ExtensibilityGlobals) = postSolution
		SolutionGuid = {B069213D-FD05-42D0-A581-C14C7BCC42EC}
	EndGlobalSection
EndGlobal
